// !$*UTF8*$!
{
	archiveVersion = 1;
	classes = {
	};
	objectVersion = 50;
	objects = {

/* Begin PBXBuildFile section */
		D2C41E4213726C1841E2E785 /* Pods_HttpTest.framework in Frameworks */ = {isa = PBXBuildFile; fileRef = BEDC40B68FFD4A07C87A773D /* Pods_HttpTest.framework */; };
		F790916C2428F33200206E72 /* AppDelegate.swift in Sources */ = {isa = PBXBuildFile; fileRef = F790916B2428F33200206E72 /* AppDelegate.swift */; };
		F790916E2428F33200206E72 /* SceneDelegate.swift in Sources */ = {isa = PBXBuildFile; fileRef = F790916D2428F33200206E72 /* SceneDelegate.swift */; };
		F79091702428F33200206E72 /* ViewController.swift in Sources */ = {isa = PBXBuildFile; fileRef = F790916F2428F33200206E72 /* ViewController.swift */; };
		F79091732428F33200206E72 /* Main.storyboard in Resources */ = {isa = PBXBuildFile; fileRef = F79091712428F33200206E72 /* Main.storyboard */; };
		F79091752428F33300206E72 /* Assets.xcassets in Resources */ = {isa = PBXBuildFile; fileRef = F79091742428F33300206E72 /* Assets.xcassets */; };
		F79091782428F33300206E72 /* LaunchScreen.storyboard in Resources */ = {isa = PBXBuildFile; fileRef = F79091762428F33300206E72 /* LaunchScreen.storyboard */; };
/* End PBXBuildFile section */

/* Begin PBXFileReference section */
		65A01B27C347CEE3D5D5F11F /* Pods-HttpTest.debug.xcconfig */ = {isa = PBXFileReference; includeInIndex = 1; lastKnownFileType = text.xcconfig; name = "Pods-HttpTest.debug.xcconfig"; path = "Target Support Files/Pods-HttpTest/Pods-HttpTest.debug.xcconfig"; sourceTree = "<group>"; };
		BEDC40B68FFD4A07C87A773D /* Pods_HttpTest.framework */ = {isa = PBXFileReference; explicitFileType = wrapper.framework; includeInIndex = 0; path = Pods_HttpTest.framework; sourceTree = BUILT_PRODUCTS_DIR; };
		D2C4BBBDC130FF095BC96B29 /* Pods-HttpTest.release.xcconfig */ = {isa = PBXFileReference; includeInIndex = 1; lastKnownFileType = text.xcconfig; name = "Pods-HttpTest.release.xcconfig"; path = "Target Support Files/Pods-HttpTest/Pods-HttpTest.release.xcconfig"; sourceTree = "<group>"; };
		F79091682428F33200206E72 /* HttpTest.app */ = {isa = PBXFileReference; explicitFileType = wrapper.application; includeInIndex = 0; path = HttpTest.app; sourceTree = BUILT_PRODUCTS_DIR; };
		F790916B2428F33200206E72 /* AppDelegate.swift */ = {isa = PBXFileReference; lastKnownFileType = sourcecode.swift; path = AppDelegate.swift; sourceTree = "<group>"; };
		F790916D2428F33200206E72 /* SceneDelegate.swift */ = {isa = PBXFileReference; lastKnownFileType = sourcecode.swift; path = SceneDelegate.swift; sourceTree = "<group>"; };
		F790916F2428F33200206E72 /* ViewController.swift */ = {isa = PBXFileReference; lastKnownFileType = sourcecode.swift; path = ViewController.swift; sourceTree = "<group>"; };
		F79091722428F33200206E72 /* Base */ = {isa = PBXFileReference; lastKnownFileType = file.storyboard; name = Base; path = Base.lproj/Main.storyboard; sourceTree = "<group>"; };
		F79091742428F33300206E72 /* Assets.xcassets */ = {isa = PBXFileReference; lastKnownFileType = folder.assetcatalog; path = Assets.xcassets; sourceTree = "<group>"; };
		F79091772428F33300206E72 /* Base */ = {isa = PBXFileReference; lastKnownFileType = file.storyboard; name = Base; path = Base.lproj/LaunchScreen.storyboard; sourceTree = "<group>"; };
		F79091792428F33300206E72 /* Info.plist */ = {isa = PBXFileReference; lastKnownFileType = text.plist.xml; path = Info.plist; sourceTree = "<group>"; };
/* End PBXFileReference section */

/* Begin PBXFrameworksBuildPhase section */
		F79091652428F33200206E72 /* Frameworks */ = {
			isa = PBXFrameworksBuildPhase;
			buildActionMask = 2147483647;
			files = (
				D2C41E4213726C1841E2E785 /* Pods_HttpTest.framework in Frameworks */,
			);
			runOnlyForDeploymentPostprocessing = 0;
		};
/* End PBXFrameworksBuildPhase section */

/* Begin PBXGroup section */
		41C60424223B8E36C7E9138C /* Pods */ = {
			isa = PBXGroup;
			children = (
				65A01B27C347CEE3D5D5F11F /* Pods-HttpTest.debug.xcconfig */,
				D2C4BBBDC130FF095BC96B29 /* Pods-HttpTest.release.xcconfig */,
			);
			name = Pods;
			path = Pods;
			sourceTree = "<group>";
		};
		6663A7E8B2AD21A872825B8E /* Frameworks */ = {
			isa = PBXGroup;
			children = (
				BEDC40B68FFD4A07C87A773D /* Pods_HttpTest.framework */,
			);
			name = Frameworks;
			sourceTree = "<group>";
		};
		F790915F2428F33200206E72 = {
			isa = PBXGroup;
			children = (
				F790916A2428F33200206E72 /* HttpTest */,
				F79091692428F33200206E72 /* Products */,
				41C60424223B8E36C7E9138C /* Pods */,
				6663A7E8B2AD21A872825B8E /* Frameworks */,
			);
			sourceTree = "<group>";
		};
		F79091692428F33200206E72 /* Products */ = {
			isa = PBXGroup;
			children = (
				F79091682428F33200206E72 /* HttpTest.app */,
			);
			name = Products;
			sourceTree = "<group>";
		};
		F790916A2428F33200206E72 /* HttpTest */ = {
			isa = PBXGroup;
			children = (
				F790916B2428F33200206E72 /* AppDelegate.swift */,
				F790916D2428F33200206E72 /* SceneDelegate.swift */,
				F790916F2428F33200206E72 /* ViewController.swift */,
				F79091712428F33200206E72 /* Main.storyboard */,
				F79091742428F33300206E72 /* Assets.xcassets */,
				F79091762428F33300206E72 /* LaunchScreen.storyboard */,
				F79091792428F33300206E72 /* Info.plist */,
			);
			path = HttpTest;
			sourceTree = "<group>";
		};
/* End PBXGroup section */

/* Begin PBXNativeTarget section */
		F79091672428F33200206E72 /* HttpTest */ = {
			isa = PBXNativeTarget;
			buildConfigurationList = F790917C2428F33300206E72 /* Build configuration list for PBXNativeTarget "HttpTest" */;
			buildPhases = (
				8029D86BA28AC8CFD33289AA /* [CP] Check Pods Manifest.lock */,
				F79091642428F33200206E72 /* Sources */,
				F79091652428F33200206E72 /* Frameworks */,
				F79091662428F33200206E72 /* Resources */,
				22742FCE7F5496383112668D /* [CP] Embed Pods Frameworks */,
			);
			buildRules = (
			);
			dependencies = (
			);
			name = HttpTest;
			productName = HttpTest;
			productReference = F79091682428F33200206E72 /* HttpTest.app */;
			productType = "com.apple.product-type.application";
		};
/* End PBXNativeTarget section */

/* Begin PBXProject section */
		F79091602428F33200206E72 /* Project object */ = {
			isa = PBXProject;
			attributes = {
				LastSwiftUpdateCheck = 1130;
				LastUpgradeCheck = 1130;
				ORGANIZATIONNAME = "한승희";
				TargetAttributes = {
					F79091672428F33200206E72 = {
						CreatedOnToolsVersion = 11.3.1;
					};
				};
			};
			buildConfigurationList = F79091632428F33200206E72 /* Build configuration list for PBXProject "HttpTest" */;
			compatibilityVersion = "Xcode 9.3";
			developmentRegion = en;
			hasScannedForEncodings = 0;
			knownRegions = (
				en,
				Base,
			);
			mainGroup = F790915F2428F33200206E72;
			productRefGroup = F79091692428F33200206E72 /* Products */;
			projectDirPath = "";
			projectRoot = "";
			targets = (
				F79091672428F33200206E72 /* HttpTest */,
			);
		};
/* End PBXProject section */

/* Begin PBXResourcesBuildPhase section */
		F79091662428F33200206E72 /* Resources */ = {
			isa = PBXResourcesBuildPhase;
			buildActionMask = 2147483647;
			files = (
				F79091782428F33300206E72 /* LaunchScreen.storyboard in Resources */,
				F79091752428F33300206E72 /* Assets.xcassets in Resources */,
				F79091732428F33200206E72 /* Main.storyboard in Resources */,
			);
			runOnlyForDeploymentPostprocessing = 0;
		};
/* End PBXResourcesBuildPhase section */

/* Begin PBXShellScriptBuildPhase section */
		22742FCE7F5496383112668D /* [CP] Embed Pods Frameworks */ = {
			isa = PBXShellScriptBuildPhase;
			buildActionMask = 2147483647;
			files = (
			);
			inputFileListPaths = (
				"${PODS_ROOT}/Target Support Files/Pods-HttpTest/Pods-HttpTest-frameworks-${CONFIGURATION}-input-files.xcfilelist",
			);
			name = "[CP] Embed Pods Frameworks";
			outputFileListPaths = (
				"${PODS_ROOT}/Target Support Files/Pods-HttpTest/Pods-HttpTest-frameworks-${CONFIGURATION}-output-files.xcfilelist",
			);
			runOnlyForDeploymentPostprocessing = 0;
			shellPath = /bin/sh;
			shellScript = "\"${PODS_ROOT}/Target Support Files/Pods-HttpTest/Pods-HttpTest-frameworks.sh\"\n";
			showEnvVarsInLog = 0;
		};
		8029D86BA28AC8CFD33289AA /* [CP] Check Pods Manifest.lock */ = {
			isa = PBXShellScriptBuildPhase;
			buildActionMask = 2147483647;
			files = (
			);
			inputFileListPaths = (
			);
			inputPaths = (
				"${PODS_PODFILE_DIR_PATH}/Podfile.lock",
				"${PODS_ROOT}/Manifest.lock",
			);
			name = "[CP] Check Pods Manifest.lock";
			outputFileListPaths = (
			);
			outputPaths = (
				"$(DERIVED_FILE_DIR)/Pods-HttpTest-checkManifestLockResult.txt",
			);
			runOnlyForDeploymentPostprocessing = 0;
			shellPath = /bin/sh;
			shellScript = "diff \"${PODS_PODFILE_DIR_PATH}/Podfile.lock\" \"${PODS_ROOT}/Manifest.lock\" > /dev/null\nif [ $? != 0 ] ; then\n    # print error to STDERR\n    echo \"error: The sandbox is not in sync with the Podfile.lock. Run 'pod install' or update your CocoaPods installation.\" >&2\n    exit 1\nfi\n# This output is used by Xcode 'outputs' to avoid re-running this script phase.\necho \"SUCCESS\" > \"${SCRIPT_OUTPUT_FILE_0}\"\n";
			showEnvVarsInLog = 0;
		};
/* End PBXShellScriptBuildPhase section */

/* Begin PBXSourcesBuildPhase section */
		F79091642428F33200206E72 /* Sources */ = {
			isa = PBXSourcesBuildPhase;
			buildActionMask = 2147483647;
			files = (
				F79091702428F33200206E72 /* ViewController.swift in Sources */,
				F790916C2428F33200206E72 /* AppDelegate.swift in Sources */,
				F790916E2428F33200206E72 /* SceneDelegate.swift in Sources */,
			);
			runOnlyForDeploymentPostprocessing = 0;
		};
/* End PBXSourcesBuildPhase section */

/* Begin PBXVariantGroup section */
		F79091712428F33200206E72 /* Main.storyboard */ = {
			isa = PBXVariantGroup;
			children = (
				F79091722428F33200206E72 /* Base */,
			);
			name = Main.storyboard;
			sourceTree = "<group>";
		};
		F79091762428F33300206E72 /* LaunchScreen.storyboard */ = {
			isa = PBXVariantGroup;
			children = (
				F79091772428F33300206E72 /* Base */,
			);
			name = LaunchScreen.storyboard;
			sourceTree = "<group>";
		};
/* End PBXVariantGroup section */

/* Begin XCBuildConfiguration section */
		F790917A2428F33300206E72 /* Debug */ = {
			isa = XCBuildConfiguration;
			buildSettings = {
				ALWAYS_SEARCH_USER_PATHS = NO;
				CLANG_ANALYZER_NONNULL = YES;
				CLANG_ANALYZER_NUMBER_OBJECT_CONVERSION = YES_AGGRESSIVE;
				CLANG_CXX_LANGUAGE_STANDARD = "gnu++14";
				CLANG_CXX_LIBRARY = "libc++";
				CLANG_ENABLE_MODULES = YES;
				CLANG_ENABLE_OBJC_ARC = YES;
				CLANG_ENABLE_OBJC_WEAK = YES;
				CLANG_WARN_BLOCK_CAPTURE_AUTORELEASING = YES;
				CLANG_WARN_BOOL_CONVERSION = YES;
				CLANG_WARN_COMMA = YES;
				CLANG_WARN_CONSTANT_CONVERSION = YES;
				CLANG_WARN_DEPRECATED_OBJC_IMPLEMENTATIONS = YES;
				CLANG_WARN_DIRECT_OBJC_ISA_USAGE = YES_ERROR;
				CLANG_WARN_DOCUMENTATION_COMMENTS = YES;
				CLANG_WARN_EMPTY_BODY = YES;
				CLANG_WARN_ENUM_CONVERSION = YES;
				CLANG_WARN_INFINITE_RECURSION = YES;
				CLANG_WARN_INT_CONVERSION = YES;
				CLANG_WARN_NON_LITERAL_NULL_CONVERSION = YES;
				CLANG_WARN_OBJC_IMPLICIT_RETAIN_SELF = YES;
				CLANG_WARN_OBJC_LITERAL_CONVERSION = YES;
				CLANG_WARN_OBJC_ROOT_CLASS = YES_ERROR;
				CLANG_WARN_RANGE_LOOP_ANALYSIS = YES;
				CLANG_WARN_STRICT_PROTOTYPES = YES;
				CLANG_WARN_SUSPICIOUS_MOVE = YES;
				CLANG_WARN_UNGUARDED_AVAILABILITY = YES_AGGRESSIVE;
				CLANG_WARN_UNREACHABLE_CODE = YES;
				CLANG_WARN__DUPLICATE_METHOD_MATCH = YES;
				COPY_PHASE_STRIP = NO;
				DEBUG_INFORMATION_FORMAT = dwarf;
				ENABLE_STRICT_OBJC_MSGSEND = YES;
				ENABLE_TESTABILITY = YES;
				GCC_C_LANGUAGE_STANDARD = gnu11;
				GCC_DYNAMIC_NO_PIC = NO;
				GCC_NO_COMMON_BLOCKS = YES;
				GCC_OPTIMIZATION_LEVEL = 0;
				GCC_PREPROCESSOR_DEFINITIONS = (
					"DEBUG=1",
					"$(inherited)",
				);
				GCC_WARN_64_TO_32_BIT_CONVERSION = YES;
				GCC_WARN_ABOUT_RETURN_TYPE = YES_ERROR;
				GCC_WARN_UNDECLARED_SELECTOR = YES;
				GCC_WARN_UNINITIALIZED_AUTOS = YES_AGGRESSIVE;
				GCC_WARN_UNUSED_FUNCTION = YES;
				GCC_WARN_UNUSED_VARIABLE = YES;
				IPHONEOS_DEPLOYMENT_TARGET = 13.2;
				MTL_ENABLE_DEBUG_INFO = INCLUDE_SOURCE;
				MTL_FAST_MATH = YES;
				ONLY_ACTIVE_ARCH = YES;
				SDKROOT = iphoneos;
				SWIFT_ACTIVE_COMPILATION_CONDITIONS = DEBUG;
				SWIFT_OPTIMIZATION_LEVEL = "-Onone";
			};
			name = Debug;
		};
		F790917B2428F33300206E72 /* Release */ = {
			isa = XCBuildConfiguration;
			buildSettings = {
				ALWAYS_SEARCH_USER_PATHS = NO;
				CLANG_ANALYZER_NONNULL = YES;
				CLANG_ANALYZER_NUMBER_OBJECT_CONVERSION = YES_AGGRESSIVE;
				CLANG_CXX_LANGUAGE_STANDARD = "gnu++14";
				CLANG_CXX_LIBRARY = "libc++";
				CLANG_ENABLE_MODULES = YES;
				CLANG_ENABLE_OBJC_ARC = YES;
				CLANG_ENABLE_OBJC_WEAK = YES;
				CLANG_WARN_BLOCK_CAPTURE_AUTORELEASING = YES;
				CLANG_WARN_BOOL_CONVERSION = YES;
				CLANG_WARN_COMMA = YES;
				CLANG_WARN_CONSTANT_CONVERSION = YES;
				CLANG_WARN_DEPRECATED_OBJC_IMPLEMENTATIONS = YES;
				CLANG_WARN_DIRECT_OBJC_ISA_USAGE = YES_ERROR;
				CLANG_WARN_DOCUMENTATION_COMMENTS = YES;
				CLANG_WARN_EMPTY_BODY = YES;
				CLANG_WARN_ENUM_CONVERSION = YES;
				CLANG_WARN_INFINITE_RECURSION = YES;
				CLANG_WARN_INT_CONVERSION = YES;
				CLANG_WARN_NON_LITERAL_NULL_CONVERSION = YES;
				CLANG_WARN_OBJC_IMPLICIT_RETAIN_SELF = YES;
				CLANG_WARN_OBJC_LITERAL_CONVERSION = YES;
				CLANG_WARN_OBJC_ROOT_CLASS = YES_ERROR;
				CLANG_WARN_RANGE_LOOP_ANALYSIS = YES;
				CLANG_WARN_STRICT_PROTOTYPES = YES;
				CLANG_WARN_SUSPICIOUS_MOVE = YES;
				CLANG_WARN_UNGUARDED_AVAILABILITY = YES_AGGRESSIVE;
				CLANG_WARN_UNREACHABLE_CODE = YES;
				CLANG_WARN__DUPLICATE_METHOD_MATCH = YES;
				COPY_PHASE_STRIP = NO;
				DEBUG_INFORMATION_FORMAT = "dwarf-with-dsym";
				ENABLE_NS_ASSERTIONS = NO;
				ENABLE_STRICT_OBJC_MSGSEND = YES;
				GCC_C_LANGUAGE_STANDARD = gnu11;
				GCC_NO_COMMON_BLOCKS = YES;
				GCC_WARN_64_TO_32_BIT_CONVERSION = YES;
				GCC_WARN_ABOUT_RETURN_TYPE = YES_ERROR;
				GCC_WARN_UNDECLARED_SELECTOR = YES;
				GCC_WARN_UNINITIALIZED_AUTOS = YES_AGGRESSIVE;
				GCC_WARN_UNUSED_FUNCTION = YES;
				GCC_WARN_UNUSED_VARIABLE = YES;
				IPHONEOS_DEPLOYMENT_TARGET = 13.2;
				MTL_ENABLE_DEBUG_INFO = NO;
				MTL_FAST_MATH = YES;
				SDKROOT = iphoneos;
				SWIFT_COMPILATION_MODE = wholemodule;
				SWIFT_OPTIMIZATION_LEVEL = "-O";
				VALIDATE_PRODUCT = YES;
			};
			name = Release;
		};
		F790917D2428F33300206E72 /* Debug */ = {
			isa = XCBuildConfiguration;
			baseConfigurationReference = 65A01B27C347CEE3D5D5F11F /* Pods-HttpTest.debug.xcconfig */;
			buildSettings = {
				ASSETCATALOG_COMPILER_APPICON_NAME = AppIcon;
				CODE_SIGN_STYLE = Automatic;
				DEVELOPMENT_TEAM = 2HRFRR2WGD;
				INFOPLIST_FILE = HttpTest/Info.plist;
				LD_RUNPATH_SEARCH_PATHS = (
					"$(inherited)",
					"@executable_path/Frameworks",
				);
				PRODUCT_BUNDLE_IDENTIFIER = com.seung.HttpTest;
				PRODUCT_NAME = "$(TARGET_NAME)";
				SWIFT_VERSION = 5.0;
				TARGETED_DEVICE_FAMILY = "1,2";
			};
			name = Debug;
		};
		F790917E2428F33300206E72 /* Release */ = {
			isa = XCBuildConfiguration;
			baseConfigurationReference = D2C4BBBDC130FF095BC96B29 /* Pods-HttpTest.release.xcconfig */;
			buildSettings = {
				ASSETCATALOG_COMPILER_APPICON_NAME = AppIcon;
				CODE_SIGN_STYLE = Automatic;
				DEVELOPMENT_TEAM = 2HRFRR2WGD;
				INFOPLIST_FILE = HttpTest/Info.plist;
				LD_RUNPATH_SEARCH_PATHS = (
					"$(inherited)",
					"@executable_path/Frameworks",
				);
				PRODUCT_BUNDLE_IDENTIFIER = com.seung.HttpTest;
				PRODUCT_NAME = "$(TARGET_NAME)";
				SWIFT_VERSION = 5.0;
				TARGETED_DEVICE_FAMILY = "1,2";
			};
			name = Release;
		};
/* End XCBuildConfiguration section */

/* Begin XCConfigurationList section */
		F79091632428F33200206E72 /* Build configuration list for PBXProject "HttpTest" */ = {
			isa = XCConfigurationList;
			buildConfigurations = (
				F790917A2428F33300206E72 /* Debug */,
				F790917B2428F33300206E72 /* Release */,
			);
			defaultConfigurationIsVisible = 0;
			defaultConfigurationName = Release;
		};
		F790917C2428F33300206E72 /* Build configuration list for PBXNativeTarget "HttpTest" */ = {
			isa = XCConfigurationList;
			buildConfigurations = (
				F790917D2428F33300206E72 /* Debug */,
				F790917E2428F33300206E72 /* Release */,
			);
			defaultConfigurationIsVisible = 0;
			defaultConfigurationName = Release;
		};
/* End XCConfigurationList section */
	};
	rootObject = F79091602428F33200206E72 /* Project object */;
}
